
Microsoft Visual Studio Solution File, Format Version 12.00
# Visual Studio Version 17
VisualStudioVersion = 17.11.35312.102
MinimumVisualStudioVersion = 10.0.40219.1
Project("{8BC9CEB8-8B4A-11D0-8D11-00A0C91BC942}") = "Lab9.1", "Lab9.1\Lab9.1.vcxproj", "{0ED9CB8C-A48C-42C2-873F-BBF7F7F192BD}"
EndProject
Project("{8BC9CEB8-8B4A-11D0-8D11-00A0C91BC942}") = "UnitTest9.1", "UnitTest9.1\UnitTest9.1.vcxproj", "{2BB97046-8C54-45DB-9871-E5151B176381}"
EndProject
Global
	GlobalSection(SolutionConfigurationPlatforms) = preSolution
		Debug|x64 = Debug|x64
		Debug|x86 = Debug|x86
		Release|x64 = Release|x64
		Release|x86 = Release|x86
	EndGlobalSection
	GlobalSection(ProjectConfigurationPlatforms) = postSolution
		{0ED9CB8C-A48C-42C2-873F-BBF7F7F192BD}.Debug|x64.ActiveCfg = Debug|x64
		{0ED9CB8C-A48C-42C2-873F-BBF7F7F192BD}.Debug|x64.Build.0 = Debug|x64
		{0ED9CB8C-A48C-42C2-873F-BBF7F7F192BD}.Debug|x86.ActiveCfg = Debug|Win32
		{0ED9CB8C-A48C-42C2-873F-BBF7F7F192BD}.Debug|x86.Build.0 = Debug|Win32
		{0ED9CB8C-A48C-42C2-873F-BBF7F7F192BD}.Release|x64.ActiveCfg = Release|x64
		{0ED9CB8C-A48C-42C2-873F-BBF7F7F192BD}.Release|x64.Build.0 = Release|x64
		{0ED9CB8C-A48C-42C2-873F-BBF7F7F192BD}.Release|x86.ActiveCfg = Release|Win32
		{0ED9CB8C-A48C-42C2-873F-BBF7F7F192BD}.Release|x86.Build.0 = Release|Win32
		{2BB97046-8C54-45DB-9871-E5151B176381}.Debug|x64.ActiveCfg = Debug|x64
		{2BB97046-8C54-45DB-9871-E5151B176381}.Debug|x64.Build.0 = Debug|x64
		{2BB97046-8C54-45DB-9871-E5151B176381}.Debug|x86.ActiveCfg = Debug|Win32
		{2BB97046-8C54-45DB-9871-E5151B176381}.Debug|x86.Build.0 = Debug|Win32
		{2BB97046-8C54-45DB-9871-E5151B176381}.Release|x64.ActiveCfg = Release|x64
		{2BB97046-8C54-45DB-9871-E5151B176381}.Release|x64.Build.0 = Release|x64
		{2BB97046-8C54-45DB-9871-E5151B176381}.Release|x86.ActiveCfg = Release|Win32
		{2BB97046-8C54-45DB-9871-E5151B176381}.Release|x86.Build.0 = Release|Win32
	EndGlobalSection
	GlobalSection(SolutionProperties) = preSolution
		HideSolutionNode = FALSE
	EndGlobalSection
	GlobalSection(ExtensibilityGlobals) = postSolution
		SolutionGuid = {628E16F2-34A7-4A06-8039-86AD3CB25771}
	EndGlobalSection
EndGlobal
